// !$*UTF8*$!
{
	archiveVersion = 1;
	classes = {
	};
	objectVersion = 46;
	objects = {

/* Begin PBXBuildFile section */
		D072BE3C1976A0C600C58BC8 /* Data.swift in Sources */ = {isa = PBXBuildFile; fileRef = D072BE3B1976A0C600C58BC8 /* Data.swift */; };
		D0A9DACE197473B100865C2D /* AppDelegate.swift in Sources */ = {isa = PBXBuildFile; fileRef = D0A9DACD197473B100865C2D /* AppDelegate.swift */; };
		D0A9DAD1197473B100865C2D /* CrazyBounce.xcdatamodeld in Sources */ = {isa = PBXBuildFile; fileRef = D0A9DACF197473B100865C2D /* CrazyBounce.xcdatamodeld */; };
		D0A9DAD3197473B100865C2D /* ViewController.swift in Sources */ = {isa = PBXBuildFile; fileRef = D0A9DAD2197473B100865C2D /* ViewController.swift */; };
		D0A9DAE4197473B100865C2D /* CrazyBounceTests.swift in Sources */ = {isa = PBXBuildFile; fileRef = D0A9DAE3197473B100865C2D /* CrazyBounceTests.swift */; };
		D0A9DAEE197473E300865C2D /* Ball.swift in Sources */ = {isa = PBXBuildFile; fileRef = D0A9DAED197473E300865C2D /* Ball.swift */; };
		D0A9DAF21974743000865C2D /* Bar.swift in Sources */ = {isa = PBXBuildFile; fileRef = D0A9DAF11974743000865C2D /* Bar.swift */; };
		D0A9DAF81974746A00865C2D /* GameMenuController.swift in Sources */ = {isa = PBXBuildFile; fileRef = D0A9DAF51974746A00865C2D /* GameMenuController.swift */; };
		D0A9DAF91974746A00865C2D /* GameFrameController.swift in Sources */ = {isa = PBXBuildFile; fileRef = D0A9DAF61974746A00865C2D /* GameFrameController.swift */; };
		D0A9DAFA1974746A00865C2D /* GameOverController.swift in Sources */ = {isa = PBXBuildFile; fileRef = D0A9DAF71974746A00865C2D /* GameOverController.swift */; };
		D0A9DAFC197474F900865C2D /* Main.storyboard in Resources */ = {isa = PBXBuildFile; fileRef = D0A9DAFB197474F900865C2D /* Main.storyboard */; };
		D0A9DAFE1974751F00865C2D /* Images.xcassets in Resources */ = {isa = PBXBuildFile; fileRef = D0A9DAFD1974751F00865C2D /* Images.xcassets */; };
/* End PBXBuildFile section */

/* Begin PBXContainerItemProxy section */
		D0A9DADE197473B100865C2D /* PBXContainerItemProxy */ = {
			isa = PBXContainerItemProxy;
			containerPortal = D0A9DAC0197473B100865C2D /* Project object */;
			proxyType = 1;
			remoteGlobalIDString = D0A9DAC7197473B100865C2D;
			remoteInfo = CrazyBounce;
		};
/* End PBXContainerItemProxy section */

/* Begin PBXFileReference section */
		D072BE3B1976A0C600C58BC8 /* Data.swift */ = {isa = PBXFileReference; fileEncoding = 4; lastKnownFileType = sourcecode.swift; path = Data.swift; sourceTree = "<group>"; };
		D0A9DAC8197473B100865C2D /* CrazyBounce.app */ = {isa = PBXFileReference; explicitFileType = wrapper.application; includeInIndex = 0; path = CrazyBounce.app; sourceTree = BUILT_PRODUCTS_DIR; };
		D0A9DACC197473B100865C2D /* Info.plist */ = {isa = PBXFileReference; lastKnownFileType = text.plist.xml; path = Info.plist; sourceTree = "<group>"; };
		D0A9DACD197473B100865C2D /* AppDelegate.swift */ = {isa = PBXFileReference; lastKnownFileType = sourcecode.swift; path = AppDelegate.swift; sourceTree = "<group>"; };
		D0A9DAD0197473B100865C2D /* CrazyBounce.xcdatamodel */ = {isa = PBXFileReference; lastKnownFileType = wrapper.xcdatamodel; path = CrazyBounce.xcdatamodel; sourceTree = "<group>"; };
		D0A9DAD2197473B100865C2D /* ViewController.swift */ = {isa = PBXFileReference; lastKnownFileType = sourcecode.swift; path = ViewController.swift; sourceTree = "<group>"; };
		D0A9DADD197473B100865C2D /* CrazyBounceTests.xctest */ = {isa = PBXFileReference; explicitFileType = wrapper.cfbundle; includeInIndex = 0; path = CrazyBounceTests.xctest; sourceTree = BUILT_PRODUCTS_DIR; };
		D0A9DAE2197473B100865C2D /* Info.plist */ = {isa = PBXFileReference; lastKnownFileType = text.plist.xml; path = Info.plist; sourceTree = "<group>"; };
		D0A9DAE3197473B100865C2D /* CrazyBounceTests.swift */ = {isa = PBXFileReference; lastKnownFileType = sourcecode.swift; path = CrazyBounceTests.swift; sourceTree = "<group>"; };
		D0A9DAED197473E300865C2D /* Ball.swift */ = {isa = PBXFileReference; fileEncoding = 4; lastKnownFileType = sourcecode.swift; path = Ball.swift; sourceTree = "<group>"; };
		D0A9DAF11974743000865C2D /* Bar.swift */ = {isa = PBXFileReference; fileEncoding = 4; lastKnownFileType = sourcecode.swift; path = Bar.swift; sourceTree = "<group>"; };
		D0A9DAF51974746A00865C2D /* GameMenuController.swift */ = {isa = PBXFileReference; fileEncoding = 4; lastKnownFileType = sourcecode.swift; path = GameMenuController.swift; sourceTree = "<group>"; };
		D0A9DAF61974746A00865C2D /* GameFrameController.swift */ = {isa = PBXFileReference; fileEncoding = 4; lastKnownFileType = sourcecode.swift; path = GameFrameController.swift; sourceTree = "<group>"; };
		D0A9DAF71974746A00865C2D /* GameOverController.swift */ = {isa = PBXFileReference; fileEncoding = 4; lastKnownFileType = sourcecode.swift; path = GameOverController.swift; sourceTree = "<group>"; };
		D0A9DAFB197474F900865C2D /* Main.storyboard */ = {isa = PBXFileReference; fileEncoding = 4; lastKnownFileType = file.storyboard; path = Main.storyboard; sourceTree = "<group>"; };
		D0A9DAFD1974751F00865C2D /* Images.xcassets */ = {isa = PBXFileReference; lastKnownFileType = folder.assetcatalog; path = Images.xcassets; sourceTree = "<group>"; };
/* End PBXFileReference section */

/* Begin PBXFrameworksBuildPhase section */
		D0A9DAC5197473B100865C2D /* Frameworks */ = {
			isa = PBXFrameworksBuildPhase;
			buildActionMask = 2147483647;
			files = (
			);
			runOnlyForDeploymentPostprocessing = 0;
		};
		D0A9DADA197473B100865C2D /* Frameworks */ = {
			isa = PBXFrameworksBuildPhase;
			buildActionMask = 2147483647;
			files = (
			);
			runOnlyForDeploymentPostprocessing = 0;
		};
/* End PBXFrameworksBuildPhase section */

/* Begin PBXGroup section */
		D072BE3D1976A0F700C58BC8 /* Model */ = {
			isa = PBXGroup;
			children = (
				D0A9DACF197473B100865C2D /* CrazyBounce.xcdatamodeld */,
				D072BE3B1976A0C600C58BC8 /* Data.swift */,
			);
			name = Model;
			sourceTree = "<group>";
		};
		D072BE3E1976A10300C58BC8 /* ViewController */ = {
			isa = PBXGroup;
			children = (
				D0A9DAD2197473B100865C2D /* ViewController.swift */,
				D0A9DAFB197474F900865C2D /* Main.storyboard */,
				D0A9DAF51974746A00865C2D /* GameMenuController.swift */,
				D0A9DAF61974746A00865C2D /* GameFrameController.swift */,
				D0A9DAF71974746A00865C2D /* GameOverController.swift */,
			);
			name = ViewController;
			sourceTree = "<group>";
		};
		D0A9DABF197473B100865C2D = {
			isa = PBXGroup;
			children = (
				D0A9DACA197473B100865C2D /* CrazyBounce */,
				D0A9DAE0197473B100865C2D /* CrazyBounceTests */,
				D0A9DAC9197473B100865C2D /* Products */,
			);
			sourceTree = "<group>";
		};
		D0A9DAC9197473B100865C2D /* Products */ = {
			isa = PBXGroup;
			children = (
				D0A9DAC8197473B100865C2D /* CrazyBounce.app */,
				D0A9DADD197473B100865C2D /* CrazyBounceTests.xctest */,
			);
			name = Products;
			sourceTree = "<group>";
		};
		D0A9DACA197473B100865C2D /* CrazyBounce */ = {
			isa = PBXGroup;
			children = (
				D072BE3E1976A10300C58BC8 /* ViewController */,
				D072BE3D1976A0F700C58BC8 /* Model */,
				D0A9DAFD1974751F00865C2D /* Images.xcassets */,
				D0A9DACD197473B100865C2D /* AppDelegate.swift */,
				D0A9DAED197473E300865C2D /* Ball.swift */,
				D0A9DAF11974743000865C2D /* Bar.swift */,
				D0A9DACB197473B100865C2D /* Supporting Files */,
			);
			path = CrazyBounce;
			sourceTree = "<group>";
		};
		D0A9DACB197473B100865C2D /* Supporting Files */ = {
			isa = PBXGroup;
			children = (
				D0A9DACC197473B100865C2D /* Info.plist */,
			);
			name = "Supporting Files";
			sourceTree = "<group>";
		};
		D0A9DAE0197473B100865C2D /* CrazyBounceTests */ = {
			isa = PBXGroup;
			children = (
				D0A9DAE3197473B100865C2D /* CrazyBounceTests.swift */,
				D0A9DAE1197473B100865C2D /* Supporting Files */,
			);
			path = CrazyBounceTests;
			sourceTree = "<group>";
		};
		D0A9DAE1197473B100865C2D /* Supporting Files */ = {
			isa = PBXGroup;
			children = (
				D0A9DAE2197473B100865C2D /* Info.plist */,
			);
			name = "Supporting Files";
			sourceTree = "<group>";
		};
/* End PBXGroup section */

/* Begin PBXNativeTarget section */
		D0A9DAC7197473B100865C2D /* CrazyBounce */ = {
			isa = PBXNativeTarget;
			buildConfigurationList = D0A9DAE7197473B100865C2D /* Build configuration list for PBXNativeTarget "CrazyBounce" */;
			buildPhases = (
				D0A9DAC4197473B100865C2D /* Sources */,
				D0A9DAC5197473B100865C2D /* Frameworks */,
				D0A9DAC6197473B100865C2D /* Resources */,
			);
			buildRules = (
			);
			dependencies = (
			);
			name = CrazyBounce;
			productName = CrazyBounce;
			productReference = D0A9DAC8197473B100865C2D /* CrazyBounce.app */;
			productType = "com.apple.product-type.application";
		};
		D0A9DADC197473B100865C2D /* CrazyBounceTests */ = {
			isa = PBXNativeTarget;
			buildConfigurationList = D0A9DAEA197473B100865C2D /* Build configuration list for PBXNativeTarget "CrazyBounceTests" */;
			buildPhases = (
				D0A9DAD9197473B100865C2D /* Sources */,
				D0A9DADA197473B100865C2D /* Frameworks */,
				D0A9DADB197473B100865C2D /* Resources */,
			);
			buildRules = (
			);
			dependencies = (
				D0A9DADF197473B100865C2D /* PBXTargetDependency */,
			);
			name = CrazyBounceTests;
			productName = CrazyBounceTests;
			productReference = D0A9DADD197473B100865C2D /* CrazyBounceTests.xctest */;
			productType = "com.apple.product-type.bundle.unit-test";
		};
/* End PBXNativeTarget section */

/* Begin PBXProject section */
		D0A9DAC0197473B100865C2D /* Project object */ = {
			isa = PBXProject;
			attributes = {
				LastUpgradeCheck = 0600;
				ORGANIZATIONNAME = ShadowDreamer;
				TargetAttributes = {
					D0A9DAC7197473B100865C2D = {
						CreatedOnToolsVersion = 6.0;
						DevelopmentTeam = KNTXK6TU24;
					};
					D0A9DADC197473B100865C2D = {
						CreatedOnToolsVersion = 6.0;
						TestTargetID = D0A9DAC7197473B100865C2D;
					};
				};
			};
			buildConfigurationList = D0A9DAC3197473B100865C2D /* Build configuration list for PBXProject "CrazyBounce" */;
			compatibilityVersion = "Xcode 3.2";
			developmentRegion = English;
			hasScannedForEncodings = 0;
			knownRegions = (
				en,
				Base,
			);
			mainGroup = D0A9DABF197473B100865C2D;
			productRefGroup = D0A9DAC9197473B100865C2D /* Products */;
			projectDirPath = "";
			projectRoot = "";
			targets = (
				D0A9DAC7197473B100865C2D /* CrazyBounce */,
				D0A9DADC197473B100865C2D /* CrazyBounceTests */,
			);
		};
/* End PBXProject section */

/* Begin PBXResourcesBuildPhase section */
		D0A9DAC6197473B100865C2D /* Resources */ = {
			isa = PBXResourcesBuildPhase;
			buildActionMask = 2147483647;
			files = (
				D0A9DAFC197474F900865C2D /* Main.storyboard in Resources */,
				D0A9DAFE1974751F00865C2D /* Images.xcassets in Resources */,
			);
			runOnlyForDeploymentPostprocessing = 0;
		};
		D0A9DADB197473B100865C2D /* Resources */ = {
			isa = PBXResourcesBuildPhase;
			buildActionMask = 2147483647;
			files = (
			);
			runOnlyForDeploymentPostprocessing = 0;
		};
/* End PBXResourcesBuildPhase section */

/* Begin PBXSourcesBuildPhase section */
		D0A9DAC4197473B100865C2D /* Sources */ = {
			isa = PBXSourcesBuildPhase;
			buildActionMask = 2147483647;
			files = (
				D0A9DAF81974746A00865C2D /* GameMenuController.swift in Sources */,
				D0A9DAF91974746A00865C2D /* GameFrameController.swift in Sources */,
				D0A9DAF21974743000865C2D /* Bar.swift in Sources */,
				D0A9DAEE197473E300865C2D /* Ball.swift in Sources */,
				D0A9DAD3197473B100865C2D /* ViewController.swift in Sources */,
				D0A9DAFA1974746A00865C2D /* GameOverController.swift in Sources */,
				D0A9DACE197473B100865C2D /* AppDelegate.swift in Sources */,
				D072BE3C1976A0C600C58BC8 /* Data.swift in Sources */,
				D0A9DAD1197473B100865C2D /* CrazyBounce.xcdatamodeld in Sources */,
			);
			runOnlyForDeploymentPostprocessing = 0;
		};
		D0A9DAD9197473B100865C2D /* Sources */ = {
			isa = PBXSourcesBuildPhase;
			buildActionMask = 2147483647;
			files = (
				D0A9DAE4197473B100865C2D /* CrazyBounceTests.swift in Sources */,
			);
			runOnlyForDeploymentPostprocessing = 0;
		};
/* End PBXSourcesBuildPhase section */

/* Begin PBXTargetDependency section */
		D0A9DADF197473B100865C2D /* PBXTargetDependency */ = {
			isa = PBXTargetDependency;
			target = D0A9DAC7197473B100865C2D /* CrazyBounce */;
			targetProxy = D0A9DADE197473B100865C2D /* PBXContainerItemProxy */;
		};
/* End PBXTargetDependency section */

/* Begin XCBuildConfiguration section */
		D0A9DAE5197473B100865C2D /* Debug */ = {
			isa = XCBuildConfiguration;
			buildSettings = {
				ALWAYS_SEARCH_USER_PATHS = NO;
				CLANG_CXX_LANGUAGE_STANDARD = "gnu++0x";
				CLANG_CXX_LIBRARY = "libc++";
				CLANG_ENABLE_MODULES = YES;
				CLANG_ENABLE_OBJC_ARC = YES;
				CLANG_WARN_BOOL_CONVERSION = YES;
				CLANG_WARN_CONSTANT_CONVERSION = YES;
				CLANG_WARN_DIRECT_OBJC_ISA_USAGE = YES_ERROR;
				CLANG_WARN_EMPTY_BODY = YES;
				CLANG_WARN_ENUM_CONVERSION = YES;
				CLANG_WARN_INT_CONVERSION = YES;
				CLANG_WARN_OBJC_ROOT_CLASS = YES_ERROR;
				CLANG_WARN_UNREACHABLE_CODE = YES;
				CLANG_WARN__DUPLICATE_METHOD_MATCH = YES;
				"CODE_SIGN_IDENTITY[sdk=iphoneos*]" = "iPhone Developer";
				COPY_PHASE_STRIP = NO;
				ENABLE_STRICT_OBJC_MSGSEND = YES;
				GCC_C_LANGUAGE_STANDARD = gnu99;
				GCC_DYNAMIC_NO_PIC = NO;
				GCC_OPTIMIZATION_LEVEL = 0;
				GCC_PREPROCESSOR_DEFINITIONS = (
					"DEBUG=1",
					"$(inherited)",
				);
				GCC_SYMBOLS_PRIVATE_EXTERN = NO;
				GCC_WARN_64_TO_32_BIT_CONVERSION = YES;
				GCC_WARN_ABOUT_RETURN_TYPE = YES_ERROR;
				GCC_WARN_UNDECLARED_SELECTOR = YES;
				GCC_WARN_UNINITIALIZED_AUTOS = YES_AGGRESSIVE;
				GCC_WARN_UNUSED_FUNCTION = YES;
				GCC_WARN_UNUSED_VARIABLE = YES;
				IPHONEOS_DEPLOYMENT_TARGET = 8.0;
				MTL_ENABLE_DEBUG_INFO = YES;
				ONLY_ACTIVE_ARCH = YES;
				SDKROOT = iphoneos;
				SWIFT_OPTIMIZATION_LEVEL = "-Onone";
			};
			name = Debug;
		};
		D0A9DAE6197473B100865C2D /* Release */ = {
			isa = XCBuildConfiguration;
			buildSettings = {
				ALWAYS_SEARCH_USER_PATHS = NO;
				CLANG_CXX_LANGUAGE_STANDARD = "gnu++0x";
				CLANG_CXX_LIBRARY = "libc++";
				CLANG_ENABLE_MODULES = YES;
				CLANG_ENABLE_OBJC_ARC = YES;
				CLANG_WARN_BOOL_CONVERSION = YES;
				CLANG_WARN_CONSTANT_CONVERSION = YES;
				CLANG_WARN_DIRECT_OBJC_ISA_USAGE = YES_ERROR;
				CLANG_WARN_EMPTY_BODY = YES;
				CLANG_WARN_ENUM_CONVERSION = YES;
				CLANG_WARN_INT_CONVERSION = YES;
				CLANG_WARN_OBJC_ROOT_CLASS = YES_ERROR;
				CLANG_WARN_UNREACHABLE_CODE = YES;
				CLANG_WARN__DUPLICATE_METHOD_MATCH = YES;
				"CODE_SIGN_IDENTITY[sdk=iphoneos*]" = "iPhone Developer";
				COPY_PHASE_STRIP = YES;
				ENABLE_NS_ASSERTIONS = NO;
				ENABLE_STRICT_OBJC_MSGSEND = YES;
				GCC_C_LANGUAGE_STANDARD = gnu99;
				GCC_WARN_64_TO_32_BIT_CONVERSION = YES;
				GCC_WARN_ABOUT_RETURN_TYPE = YES_ERROR;
				GCC_WARN_UNDECLARED_SELECTOR = YES;
				GCC_WARN_UNINITIALIZED_AUTOS = YES_AGGRESSIVE;
				GCC_WARN_UNUSED_FUNCTION = YES;
				GCC_WARN_UNUSED_VARIABLE = YES;
				IPHONEOS_DEPLOYMENT_TARGET = 8.0;
				MTL_ENABLE_DEBUG_INFO = NO;
				SDKROOT = iphoneos;
				VALIDATE_PRODUCT = YES;
			};
			name = Release;
		};
		D0A9DAE8197473B100865C2D /* Debug */ = {
			isa = XCBuildConfiguration;
			buildSettings = {
				ASSETCATALOG_COMPILER_APPICON_NAME = AppIcon;
				ASSETCATALOG_COMPILER_LAUNCHIMAGE_NAME = LaunchImage;
				CLANG_ENABLE_MODULES = YES;
				CODE_SIGN_IDENTITY = "iPhone Developer: Du Chengyao (47BH799SAK)";
				INFOPLIST_FILE = CrazyBounce/Info.plist;
				IPHONEOS_DEPLOYMENT_TARGET = 7.1;
				LD_RUNPATH_SEARCH_PATHS = "$(inherited) @executable_path/Frameworks";
				PRODUCT_NAME = "$(TARGET_NAME)";
				PROVISIONING_PROFILE = "548F59CE-CA19-49D9-8DC5-049673439AD4";
				SWIFT_OPTIMIZATION_LEVEL = "-Onone";
			};
			name = Debug;
		};
		D0A9DAE9197473B100865C2D /* Release */ = {
			isa = XCBuildConfiguration;
			buildSettings = {
				ASSETCATALOG_COMPILER_APPICON_NAME = AppIcon;
				ASSETCATALOG_COMPILER_LAUNCHIMAGE_NAME = LaunchImage;
				CLANG_ENABLE_MODULES = YES;
				CODE_SIGN_IDENTITY = "iPhone Developer: Du Chengyao (47BH799SAK)";
				INFOPLIST_FILE = CrazyBounce/Info.plist;
				IPHONEOS_DEPLOYMENT_TARGET = 7.1;
				LD_RUNPATH_SEARCH_PATHS = "$(inherited) @executable_path/Frameworks";
				PRODUCT_NAME = "$(TARGET_NAME)";
				PROVISIONING_PROFILE = "548F59CE-CA19-49D9-8DC5-049673439AD4";
			};
			name = Release;
		};
		D0A9DAEB197473B100865C2D /* Debug */ = {
			isa = XCBuildConfiguration;
			buildSettings = {
				BUNDLE_LOADER = "$(BUILT_PRODUCTS_DIR)/CrazyBounce.app/CrazyBounce";
				FRAMEWORK_SEARCH_PATHS = (
					"$(SDKROOT)/Developer/Library/Frameworks",
					"$(inherited)",
				);
				GCC_PREPROCESSOR_DEFINITIONS = (
					"DEBUG=1",
					"$(inherited)",
				);
				INFOPLIST_FILE = CrazyBounceTests/Info.plist;
				LD_RUNPATH_SEARCH_PATHS = "$(inherited) @executable_path/Frameworks @loader_path/Frameworks";
				PRODUCT_NAME = "$(TARGET_NAME)";
				TEST_HOST = "$(BUNDLE_LOADER)";
			};
			name = Debug;
		};
		D0A9DAEC197473B100865C2D /* Release */ = {
			isa = XCBuildConfiguration;
			buildSettings = {
				BUNDLE_LOADER = "$(BUILT_PRODUCTS_DIR)/CrazyBounce.app/CrazyBounce";
				FRAMEWORK_SEARCH_PATHS = (
					"$(SDKROOT)/Developer/Library/Frameworks",
					"$(inherited)",
				);
				INFOPLIST_FILE = CrazyBounceTests/Info.plist;
				LD_RUNPATH_SEARCH_PATHS = "$(inherited) @executable_path/Frameworks @loader_path/Frameworks";
				PRODUCT_NAME = "$(TARGET_NAME)";
				TEST_HOST = "$(BUNDLE_LOADER)";
			};
			name = Release;
		};
/* End XCBuildConfiguration section */

/* Begin XCConfigurationList section */
		D0A9DAC3197473B100865C2D /* Build configuration list for PBXProject "CrazyBounce" */ = {
			isa = XCConfigurationList;
			buildConfigurations = (
				D0A9DAE5197473B100865C2D /* Debug */,
				D0A9DAE6197473B100865C2D /* Release */,
			);
			defaultConfigurationIsVisible = 0;
			defaultConfigurationName = Release;
		};
		D0A9DAE7197473B100865C2D /* Build configuration list for PBXNativeTarget "CrazyBounce" */ = {
			isa = XCConfigurationList;
			buildConfigurations = (
				D0A9DAE8197473B100865C2D /* Debug */,
				D0A9DAE9197473B100865C2D /* Release */,
			);
			defaultConfigurationIsVisible = 0;
			defaultConfigurationName = Release;
		};
		D0A9DAEA197473B100865C2D /* Build configuration list for PBXNativeTarget "CrazyBounceTests" */ = {
			isa = XCConfigurationList;
			buildConfigurations = (
				D0A9DAEB197473B100865C2D /* Debug */,
				D0A9DAEC197473B100865C2D /* Release */,
			);
			defaultConfigurationIsVisible = 0;
			defaultConfigurationName = Release;
		};
/* End XCConfigurationList section */

/* Begin XCVersionGroup section */
		D0A9DACF197473B100865C2D /* CrazyBounce.xcdatamodeld */ = {
			isa = XCVersionGroup;
			children = (
				D0A9DAD0197473B100865C2D /* CrazyBounce.xcdatamodel */,
			);
			currentVersion = D0A9DAD0197473B100865C2D /* CrazyBounce.xcdatamodel */;
			path = CrazyBounce.xcdatamodeld;
			sourceTree = "<group>";
			versionGroupType = wrapper.xcdatamodel;
		};
/* End XCVersionGroup section */
	};
	rootObject = D0A9DAC0197473B100865C2D /* Project object */;
}
